// !$*UTF8*$!
{
	archiveVersion = 1;
	classes = {
	};
	objectVersion = 46;
	objects = {

/* Begin PBXBuildFile section */
		D93F1CC41EAEDD3F009A7474 /* AppDelegate.swift in Sources */ = {isa = PBXBuildFile; fileRef = D93F1CC31EAEDD3F009A7474 /* AppDelegate.swift */; };
		D93F1CC61EAEDD3F009A7474 /* ViewController.swift in Sources */ = {isa = PBXBuildFile; fileRef = D93F1CC51EAEDD3F009A7474 /* ViewController.swift */; };
		D93F1CCB1EAEDD3F009A7474 /* Assets.xcassets in Resources */ = {isa = PBXBuildFile; fileRef = D93F1CCA1EAEDD3F009A7474 /* Assets.xcassets */; };
		D93F1CCE1EAEDD3F009A7474 /* LaunchScreen.xib in Resources */ = {isa = PBXBuildFile; fileRef = D93F1CCC1EAEDD3F009A7474 /* LaunchScreen.xib */; };
		E854BD7F1F34A06000C0B649 /* DeckTransition.framework in Frameworks */ = {isa = PBXBuildFile; fileRef = E854BD7E1F34A06000C0B649 /* DeckTransition.framework */; };
		E854BD801F34A06000C0B649 /* DeckTransition.framework in Embed Frameworks */ = {isa = PBXBuildFile; fileRef = E854BD7E1F34A06000C0B649 /* DeckTransition.framework */; settings = {ATTRIBUTES = (CodeSignOnCopy, RemoveHeadersOnCopy, ); }; };
		E8A9B0461F3468DC00306682 /* Main.storyboard in Resources */ = {isa = PBXBuildFile; fileRef = E8A9B0441F3468DC00306682 /* Main.storyboard */; };
		E8A9B0471F3468DC00306682 /* ModalViewController.swift in Sources */ = {isa = PBXBuildFile; fileRef = E8A9B0451F3468DC00306682 /* ModalViewController.swift */; };
/* End PBXBuildFile section */

/* Begin PBXCopyFilesBuildPhase section */
		E854BD811F34A06000C0B649 /* Embed Frameworks */ = {
			isa = PBXCopyFilesBuildPhase;
			buildActionMask = 2147483647;
			dstPath = "";
			dstSubfolderSpec = 10;
			files = (
				E854BD801F34A06000C0B649 /* DeckTransition.framework in Embed Frameworks */,
			);
			name = "Embed Frameworks";
			runOnlyForDeploymentPostprocessing = 0;
		};
/* End PBXCopyFilesBuildPhase section */

/* Begin PBXFileReference section */
		D93F1CC01EAEDD3F009A7474 /* Example.app */ = {isa = PBXFileReference; explicitFileType = wrapper.application; includeInIndex = 0; path = Example.app; sourceTree = BUILT_PRODUCTS_DIR; };
		D93F1CC31EAEDD3F009A7474 /* AppDelegate.swift */ = {isa = PBXFileReference; lastKnownFileType = sourcecode.swift; path = AppDelegate.swift; sourceTree = "<group>"; };
		D93F1CC51EAEDD3F009A7474 /* ViewController.swift */ = {isa = PBXFileReference; lastKnownFileType = sourcecode.swift; path = ViewController.swift; sourceTree = "<group>"; };
		D93F1CCA1EAEDD3F009A7474 /* Assets.xcassets */ = {isa = PBXFileReference; lastKnownFileType = folder.assetcatalog; path = Assets.xcassets; sourceTree = "<group>"; };
		D93F1CCD1EAEDD3F009A7474 /* Base */ = {isa = PBXFileReference; lastKnownFileType = file.xib; name = Base; path = Base.lproj/LaunchScreen.xib; sourceTree = "<group>"; };
		D93F1CCF1EAEDD3F009A7474 /* Info.plist */ = {isa = PBXFileReference; lastKnownFileType = text.plist.xml; path = Info.plist; sourceTree = "<group>"; };
		D93F1CD61EAEE00D009A7474 /* DeckTransition.framework */ = {isa = PBXFileReference; lastKnownFileType = wrapper.framework; name = DeckTransition.framework; path = "../../../Library/Developer/Xcode/DerivedData/DeckTransition-ghiobiksiyymbygbpisckcynbsdi/Build/Products/Debug-iphonesimulator/DeckTransition.framework"; sourceTree = "<group>"; };
		E854BD7E1F34A06000C0B649 /* DeckTransition.framework */ = {isa = PBXFileReference; explicitFileType = wrapper.framework; path = DeckTransition.framework; sourceTree = BUILT_PRODUCTS_DIR; };
		E8A9B0441F3468DC00306682 /* Main.storyboard */ = {isa = PBXFileReference; fileEncoding = 4; lastKnownFileType = file.storyboard; path = Main.storyboard; sourceTree = "<group>"; };
		E8A9B0451F3468DC00306682 /* ModalViewController.swift */ = {isa = PBXFileReference; fileEncoding = 4; lastKnownFileType = sourcecode.swift; path = ModalViewController.swift; sourceTree = "<group>"; };
/* End PBXFileReference section */

/* Begin PBXFrameworksBuildPhase section */
		D93F1CBD1EAEDD3F009A7474 /* Frameworks */ = {
			isa = PBXFrameworksBuildPhase;
			buildActionMask = 2147483647;
			files = (
				E854BD7F1F34A06000C0B649 /* DeckTransition.framework in Frameworks */,
			);
			runOnlyForDeploymentPostprocessing = 0;
		};
/* End PBXFrameworksBuildPhase section */

/* Begin PBXGroup section */
		D93F1CB71EAEDD3F009A7474 = {
			isa = PBXGroup;
			children = (
				E854BD7E1F34A06000C0B649 /* DeckTransition.framework */,
				D93F1CC21EAEDD3F009A7474 /* Source */,
				D93F1CC11EAEDD3F009A7474 /* Products */,
				D93F1CD51EAEE00D009A7474 /* Frameworks */,
			);
			sourceTree = "<group>";
		};
		D93F1CC11EAEDD3F009A7474 /* Products */ = {
			isa = PBXGroup;
			children = (
				D93F1CC01EAEDD3F009A7474 /* Example.app */,
			);
			name = Products;
			sourceTree = "<group>";
		};
		D93F1CC21EAEDD3F009A7474 /* Source */ = {
			isa = PBXGroup;
			children = (
				D93F1CC51EAEDD3F009A7474 /* ViewController.swift */,
				E8A9B0451F3468DC00306682 /* ModalViewController.swift */,
				E8A9B0481F3468ED00306682 /* Supporting Files */,
			);
			path = Source;
			sourceTree = "<group>";
		};
		D93F1CD51EAEE00D009A7474 /* Frameworks */ = {
			isa = PBXGroup;
			children = (
				D93F1CD61EAEE00D009A7474 /* DeckTransition.framework */,
			);
			name = Frameworks;
			sourceTree = "<group>";
		};
		E8A9B0481F3468ED00306682 /* Supporting Files */ = {
			isa = PBXGroup;
			children = (
				D93F1CC31EAEDD3F009A7474 /* AppDelegate.swift */,
				E8A9B0441F3468DC00306682 /* Main.storyboard */,
				D93F1CCA1EAEDD3F009A7474 /* Assets.xcassets */,
				D93F1CCC1EAEDD3F009A7474 /* LaunchScreen.xib */,
				D93F1CCF1EAEDD3F009A7474 /* Info.plist */,
			);
			path = "Supporting Files";
			sourceTree = "<group>";
		};
/* End PBXGroup section */

/* Begin PBXNativeTarget section */
		D93F1CBF1EAEDD3F009A7474 /* Example */ = {
			isa = PBXNativeTarget;
			buildConfigurationList = D93F1CD21EAEDD3F009A7474 /* Build configuration list for PBXNativeTarget "Example" */;
			buildPhases = (
				D93F1CBC1EAEDD3F009A7474 /* Sources */,
				D93F1CBD1EAEDD3F009A7474 /* Frameworks */,
				D93F1CBE1EAEDD3F009A7474 /* Resources */,
				E854BD811F34A06000C0B649 /* Embed Frameworks */,
			);
			buildRules = (
			);
			dependencies = (
			);
			name = Example;
			productName = "iOS Example";
			productReference = D93F1CC01EAEDD3F009A7474 /* Example.app */;
			productType = "com.apple.product-type.application";
		};
/* End PBXNativeTarget section */

/* Begin PBXProject section */
		D93F1CB81EAEDD3F009A7474 /* Project object */ = {
			isa = PBXProject;
			attributes = {
				LastSwiftUpdateCheck = 0830;
				LastUpgradeCheck = 1000;
				ORGANIZATIONNAME = "Harshil Shah";
				TargetAttributes = {
					D93F1CBF1EAEDD3F009A7474 = {
						CreatedOnToolsVersion = 8.3.2;
						DevelopmentTeam = BM5Y87HJ2F;
						LastSwiftMigration = 1000;
						ProvisioningStyle = Automatic;
					};
				};
			};
			buildConfigurationList = D93F1CBB1EAEDD3F009A7474 /* Build configuration list for PBXProject "Example" */;
			compatibilityVersion = "Xcode 3.2";
			developmentRegion = English;
			hasScannedForEncodings = 0;
			knownRegions = (
				en,
				Base,
			);
			mainGroup = D93F1CB71EAEDD3F009A7474;
			productRefGroup = D93F1CC11EAEDD3F009A7474 /* Products */;
			projectDirPath = "";
			projectRoot = "";
			targets = (
				D93F1CBF1EAEDD3F009A7474 /* Example */,
			);
		};
/* End PBXProject section */

/* Begin PBXResourcesBuildPhase section */
		D93F1CBE1EAEDD3F009A7474 /* Resources */ = {
			isa = PBXResourcesBuildPhase;
			buildActionMask = 2147483647;
			files = (
				E8A9B0461F3468DC00306682 /* Main.storyboard in Resources */,
				D93F1CCE1EAEDD3F009A7474 /* LaunchScreen.xib in Resources */,
				D93F1CCB1EAEDD3F009A7474 /* Assets.xcassets in Resources */,
			);
			runOnlyForDeploymentPostprocessing = 0;
		};
/* End PBXResourcesBuildPhase section */

/* Begin PBXSourcesBuildPhase section */
		D93F1CBC1EAEDD3F009A7474 /* Sources */ = {
			isa = PBXSourcesBuildPhase;
			buildActionMask = 2147483647;
			files = (
				D93F1CC61EAEDD3F009A7474 /* ViewController.swift in Sources */,
				E8A9B0471F3468DC00306682 /* ModalViewController.swift in Sources */,
				D93F1CC41EAEDD3F009A7474 /* AppDelegate.swift in Sources */,
			);
			runOnlyForDeploymentPostprocessing = 0;
		};
/* End PBXSourcesBuildPhase section */

/* Begin PBXVariantGroup section */
		D93F1CCC1EAEDD3F009A7474 /* LaunchScreen.xib */ = {
			isa = PBXVariantGroup;
			children = (
				D93F1CCD1EAEDD3F009A7474 /* Base */,
			);
			name = LaunchScreen.xib;
			sourceTree = "<group>";
		};
/* End PBXVariantGroup section */

/* Begin XCBuildConfiguration section */
		D93F1CD01EAEDD3F009A7474 /* Debug */ = {
			isa = XCBuildConfiguration;
			buildSettings = {
				ALWAYS_SEARCH_USER_PATHS = NO;
				CLANG_ANALYZER_NONNULL = YES;
				CLANG_ANALYZER_NUMBER_OBJECT_CONVERSION = YES_AGGRESSIVE;
				CLANG_CXX_LANGUAGE_STANDARD = "gnu++0x";
				CLANG_CXX_LIBRARY = "libc++";
				CLANG_ENABLE_MODULES = YES;
				CLANG_ENABLE_OBJC_ARC = YES;
				CLANG_WARN_BLOCK_CAPTURE_AUTORELEASING = YES;
				CLANG_WARN_BOOL_CONVERSION = YES;
				CLANG_WARN_COMMA = YES;
				CLANG_WARN_CONSTANT_CONVERSION = YES;
				CLANG_WARN_DEPRECATED_OBJC_IMPLEMENTATIONS = YES;
				CLANG_WARN_DIRECT_OBJC_ISA_USAGE = YES_ERROR;
				CLANG_WARN_DOCUMENTATION_COMMENTS = YES;
				CLANG_WARN_EMPTY_BODY = YES;
				CLANG_WARN_ENUM_CONVERSION = YES;
				CLANG_WARN_INFINITE_RECURSION = YES;
				CLANG_WARN_INT_CONVERSION = YES;
				CLANG_WARN_NON_LITERAL_NULL_CONVERSION = YES;
				CLANG_WARN_OBJC_IMPLICIT_RETAIN_SELF = YES;
				CLANG_WARN_OBJC_LITERAL_CONVERSION = YES;
				CLANG_WARN_OBJC_ROOT_CLASS = YES_ERROR;
				CLANG_WARN_RANGE_LOOP_ANALYSIS = YES;
				CLANG_WARN_STRICT_PROTOTYPES = YES;
				CLANG_WARN_SUSPICIOUS_MOVE = YES;
				CLANG_WARN_UNREACHABLE_CODE = YES;
				CLANG_WARN__DUPLICATE_METHOD_MATCH = YES;
				"CODE_SIGN_IDENTITY[sdk=iphoneos*]" = "iPhone Developer";
				COPY_PHASE_STRIP = NO;
				DEBUG_INFORMATION_FORMAT = dwarf;
				ENABLE_STRICT_OBJC_MSGSEND = YES;
				ENABLE_TESTABILITY = YES;
				GCC_C_LANGUAGE_STANDARD = gnu99;
				GCC_DYNAMIC_NO_PIC = NO;
				GCC_NO_COMMON_BLOCKS = YES;
				GCC_OPTIMIZATION_LEVEL = 0;
				GCC_PREPROCESSOR_DEFINITIONS = (
					"DEBUG=1",
					"$(inherited)",
				);
				GCC_WARN_64_TO_32_BIT_CONVERSION = YES;
				GCC_WARN_ABOUT_RETURN_TYPE = YES_ERROR;
				GCC_WARN_UNDECLARED_SELECTOR = YES;
				GCC_WARN_UNINITIALIZED_AUTOS = YES_AGGRESSIVE;
				GCC_WARN_UNUSED_FUNCTION = YES;
				GCC_WARN_UNUSED_VARIABLE = YES;
				IPHONEOS_DEPLOYMENT_TARGET = 9.0;
				MTL_ENABLE_DEBUG_INFO = YES;
				ONLY_ACTIVE_ARCH = YES;
				SDKROOT = iphoneos;
				SWIFT_ACTIVE_COMPILATION_CONDITIONS = DEBUG;
				SWIFT_OPTIMIZATION_LEVEL = "-Onone";
				TARGETED_DEVICE_FAMILY = "1,2";
			};
			name = Debug;
		};
		D93F1CD11EAEDD3F009A7474 /* Release */ = {
			isa = XCBuildConfiguration;
			buildSettings = {
				ALWAYS_SEARCH_USER_PATHS = NO;
				CLANG_ANALYZER_NONNULL = YES;
				CLANG_ANALYZER_NUMBER_OBJECT_CONVERSION = YES_AGGRESSIVE;
				CLANG_CXX_LANGUAGE_STANDARD = "gnu++0x";
				CLANG_CXX_LIBRARY = "libc++";
				CLANG_ENABLE_MODULES = YES;
				CLANG_ENABLE_OBJC_ARC = YES;
				CLANG_WARN_BLOCK_CAPTURE_AUTORELEASING = YES;
				CLANG_WARN_BOOL_CONVERSION = YES;
				CLANG_WARN_COMMA = YES;
				CLANG_WARN_CONSTANT_CONVERSION = YES;
				CLANG_WARN_DEPRECATED_OBJC_IMPLEMENTATIONS = YES;
				CLANG_WARN_DIRECT_OBJC_ISA_USAGE = YES_ERROR;
				CLANG_WARN_DOCUMENTATION_COMMENTS = YES;
				CLANG_WARN_EMPTY_BODY = YES;
				CLANG_WARN_ENUM_CONVERSION = YES;
				CLANG_WARN_INFINITE_RECURSION = YES;
				CLANG_WARN_INT_CONVERSION = YES;
				CLANG_WARN_NON_LITERAL_NULL_CONVERSION = YES;
				CLANG_WARN_OBJC_IMPLICIT_RETAIN_SELF = YES;
				CLANG_WARN_OBJC_LITERAL_CONVERSION = YES;
				CLANG_WARN_OBJC_ROOT_CLASS = YES_ERROR;
				CLANG_WARN_RANGE_LOOP_ANALYSIS = YES;
				CLANG_WARN_STRICT_PROTOTYPES = YES;
				CLANG_WARN_SUSPICIOUS_MOVE = YES;
				CLANG_WARN_UNREACHABLE_CODE = YES;
				CLANG_WARN__DUPLICATE_METHOD_MATCH = YES;
				"CODE_SIGN_IDENTITY[sdk=iphoneos*]" = "iPhone Developer";
				COPY_PHASE_STRIP = NO;
				DEBUG_INFORMATION_FORMAT = "dwarf-with-dsym";
				ENABLE_NS_ASSERTIONS = NO;
				ENABLE_STRICT_OBJC_MSGSEND = YES;
				GCC_C_LANGUAGE_STANDARD = gnu99;
				GCC_NO_COMMON_BLOCKS = YES;
				GCC_WARN_64_TO_32_BIT_CONVERSION = YES;
				GCC_WARN_ABOUT_RETURN_TYPE = YES_ERROR;
				GCC_WARN_UNDECLARED_SELECTOR = YES;
				GCC_WARN_UNINITIALIZED_AUTOS = YES_AGGRESSIVE;
				GCC_WARN_UNUSED_FUNCTION = YES;
				GCC_WARN_UNUSED_VARIABLE = YES;
				IPHONEOS_DEPLOYMENT_TARGET = 9.0;
				MTL_ENABLE_DEBUG_INFO = NO;
				SDKROOT = iphoneos;
				SWIFT_OPTIMIZATION_LEVEL = "-Owholemodule";
				TARGETED_DEVICE_FAMILY = "1,2";
				VALIDATE_PRODUCT = YES;
			};
			name = Release;
		};
		D93F1CD31EAEDD3F009A7474 /* Debug */ = {
			isa = XCBuildConfiguration;
			buildSettings = {
				ASSETCATALOG_COMPILER_APPICON_NAME = AppIcon;
				"CODE_SIGN_IDENTITY[sdk=iphoneos*]" = "iPhone Developer";
				CODE_SIGN_STYLE = Automatic;
				DEVELOPMENT_TEAM = BM5Y87HJ2F;
				INFOPLIST_FILE = "$(SRCROOT)/Source/Supporting Files/Info.plist";
				LD_RUNPATH_SEARCH_PATHS = "$(inherited) @executable_path/Frameworks";
				PRODUCT_BUNDLE_IDENTIFIER = "org.harshilshah.DeckTransition-Example-Wat";
				PRODUCT_NAME = "$(TARGET_NAME)";
				PROVISIONING_PROFILE_SPECIFIER = "";
				SWIFT_VERSION = 4.2;
			};
			name = Debug;
		};
		D93F1CD41EAEDD3F009A7474 /* Release */ = {
			isa = XCBuildConfiguration;
			buildSettings = {
				ASSETCATALOG_COMPILER_APPICON_NAME = AppIcon;
				"CODE_SIGN_IDENTITY[sdk=iphoneos*]" = "iPhone Developer";
				CODE_SIGN_STYLE = Automatic;
				DEVELOPMENT_TEAM = BM5Y87HJ2F;
				INFOPLIST_FILE = "$(SRCROOT)/Source/Supporting Files/Info.plist";
				LD_RUNPATH_SEARCH_PATHS = "$(inherited) @executable_path/Frameworks";
				PRODUCT_BUNDLE_IDENTIFIER = "org.harshilshah.DeckTransition-Example-Wat";
				PRODUCT_NAME = "$(TARGET_NAME)";
				PROVISIONING_PROFILE_SPECIFIER = "";
				SWIFT_VERSION = 4.2;
			};
			name = Release;
		};
/* End XCBuildConfiguration section */

/* Begin XCConfigurationList section */
		D93F1CBB1EAEDD3F009A7474 /* Build configuration list for PBXProject "Example" */ = {
			isa = XCConfigurationList;
			buildConfigurations = (
				D93F1CD01EAEDD3F009A7474 /* Debug */,
				D93F1CD11EAEDD3F009A7474 /* Release */,
			);
			defaultConfigurationIsVisible = 0;
			defaultConfigurationName = Release;
		};
		D93F1CD21EAEDD3F009A7474 /* Build configuration list for PBXNativeTarget "Example" */ = {
			isa = XCConfigurationList;
			buildConfigurations = (
				D93F1CD31EAEDD3F009A7474 /* Debug */,
				D93F1CD41EAEDD3F009A7474 /* Release */,
			);
			defaultConfigurationIsVisible = 0;
			defaultConfigurationName = Release;
		};
/* End XCConfigurationList section */
	};
	rootObject = D93F1CB81EAEDD3F009A7474 /* Project object */;
}
